
Microsoft Visual Studio Solution File, Format Version 12.00
# Visual Studio Version 17
VisualStudioVersion = 17.11.35327.3
MinimumVisualStudioVersion = 10.0.40219.1
Project("{C9674DCB-5085-4A16-B785-4C70DD1589BD}") = "Basic Transformations", "Basic Transformations\Basic Transformations.dtproj", "{4FD9DA5E-E52C-41EF-9C6E-AAB7E05A9DC1}"
EndProject
Global
	GlobalSection(SolutionConfigurationPlatforms) = preSolution
		Development|Default = Development|Default
	EndGlobalSection
	GlobalSection(ProjectConfigurationPlatforms) = postSolution
		{4FD9DA5E-E52C-41EF-9C6E-AAB7E05A9DC1}.Development|Default.ActiveCfg = Development
		{4FD9DA5E-E52C-41EF-9C6E-AAB7E05A9DC1}.Development|Default.Build.0 = Development
	EndGlobalSection
	GlobalSection(SolutionProperties) = preSolution
		HideSolutionNode = FALSE
	EndGlobalSection
	GlobalSection(ExtensibilityGlobals) = postSolution
		SolutionGuid = {FA10ED56-9662-4BC6-A549-3F0FC4125C6F}
	EndGlobalSection
EndGlobal
